
Microsoft Visual Studio Solution File, Format Version 12.00
# Visual Studio Version 17
VisualStudioVersion = 17.10.34928.147
MinimumVisualStudioVersion = 10.0.40219.1
Project("{FAE04EC0-301F-11D3-BF4B-00C04F79EFBC}") = "FormulaApp.UnitTests", "FormulaApp.UnitTests\FormulaApp.UnitTests.csproj", "{73815BEE-F3A0-4490-9EDC-A1D3A8ECE3AD}"
EndProject
Project("{FAE04EC0-301F-11D3-BF4B-00C04F79EFBC}") = "FormulaApp.Api", "FormulaApp.Api\FormulaApp.Api.csproj", "{38E5136B-596C-4D16-A6CB-A251D0FDDD0B}"
EndProject
Global
	GlobalSection(SolutionConfigurationPlatforms) = preSolution
		Debug|Any CPU = Debug|Any CPU
		Release|Any CPU = Release|Any CPU
	EndGlobalSection
	GlobalSection(ProjectConfigurationPlatforms) = postSolution
		{73815BEE-F3A0-4490-9EDC-A1D3A8ECE3AD}.Debug|Any CPU.ActiveCfg = Debug|Any CPU
		{73815BEE-F3A0-4490-9EDC-A1D3A8ECE3AD}.Debug|Any CPU.Build.0 = Debug|Any CPU
		{73815BEE-F3A0-4490-9EDC-A1D3A8ECE3AD}.Release|Any CPU.ActiveCfg = Release|Any CPU
		{73815BEE-F3A0-4490-9EDC-A1D3A8ECE3AD}.Release|Any CPU.Build.0 = Release|Any CPU
		{38E5136B-596C-4D16-A6CB-A251D0FDDD0B}.Debug|Any CPU.ActiveCfg = Debug|Any CPU
		{38E5136B-596C-4D16-A6CB-A251D0FDDD0B}.Debug|Any CPU.Build.0 = Debug|Any CPU
		{38E5136B-596C-4D16-A6CB-A251D0FDDD0B}.Release|Any CPU.ActiveCfg = Release|Any CPU
		{38E5136B-596C-4D16-A6CB-A251D0FDDD0B}.Release|Any CPU.Build.0 = Release|Any CPU
	EndGlobalSection
	GlobalSection(SolutionProperties) = preSolution
		HideSolutionNode = FALSE
	EndGlobalSection
	GlobalSection(ExtensibilityGlobals) = postSolution
		SolutionGuid = {8FE8C6DD-DBAD-44A8-8DF3-9AD49919D682}
	EndGlobalSection
EndGlobal
